
Microsoft Visual Studio Solution File, Format Version 12.00
# Visual Studio Version 16
VisualStudioVersion = 16.0.29806.167
MinimumVisualStudioVersion = 10.0.40219.1
Project("{9A19103F-16F7-4668-BE54-9A1E7A4F7556}") = "VideoConverter", "VideoConverter\VideoConverter.csproj", "{EAA68108-8CF7-4ACF-80AB-CCBA1DE6AF89}"
EndProject
Project("{9A19103F-16F7-4668-BE54-9A1E7A4F7556}") = "VideoConverter.Core", "VideoConverter.Core\VideoConverter.Core.csproj", "{4349A3CE-C101-4045-97A5-23754124DF5F}"
EndProject
Project("{FAE04EC0-301F-11D3-BF4B-00C04F79EFBC}") = "Videos.Sender", "Videos.Sender\Videos.Sender.csproj", "{228BFA41-16D1-4E47-9E2B-069A045099B4}"
EndProject
Global
	GlobalSection(SolutionConfigurationPlatforms) = preSolution
		Debug|Any CPU = Debug|Any CPU
		Release|Any CPU = Release|Any CPU
	EndGlobalSection
	GlobalSection(ProjectConfigurationPlatforms) = postSolution
		{EAA68108-8CF7-4ACF-80AB-CCBA1DE6AF89}.Debug|Any CPU.ActiveCfg = Debug|Any CPU
		{EAA68108-8CF7-4ACF-80AB-CCBA1DE6AF89}.Debug|Any CPU.Build.0 = Debug|Any CPU
		{EAA68108-8CF7-4ACF-80AB-CCBA1DE6AF89}.Release|Any CPU.ActiveCfg = Release|Any CPU
		{EAA68108-8CF7-4ACF-80AB-CCBA1DE6AF89}.Release|Any CPU.Build.0 = Release|Any CPU
		{4349A3CE-C101-4045-97A5-23754124DF5F}.Debug|Any CPU.ActiveCfg = Debug|Any CPU
		{4349A3CE-C101-4045-97A5-23754124DF5F}.Debug|Any CPU.Build.0 = Debug|Any CPU
		{4349A3CE-C101-4045-97A5-23754124DF5F}.Release|Any CPU.ActiveCfg = Release|Any CPU
		{4349A3CE-C101-4045-97A5-23754124DF5F}.Release|Any CPU.Build.0 = Release|Any CPU
		{228BFA41-16D1-4E47-9E2B-069A045099B4}.Debug|Any CPU.ActiveCfg = Debug|Any CPU
		{228BFA41-16D1-4E47-9E2B-069A045099B4}.Debug|Any CPU.Build.0 = Debug|Any CPU
		{228BFA41-16D1-4E47-9E2B-069A045099B4}.Release|Any CPU.ActiveCfg = Release|Any CPU
		{228BFA41-16D1-4E47-9E2B-069A045099B4}.Release|Any CPU.Build.0 = Release|Any CPU
	EndGlobalSection
	GlobalSection(SolutionProperties) = preSolution
		HideSolutionNode = FALSE
	EndGlobalSection
	GlobalSection(ExtensibilityGlobals) = postSolution
		SolutionGuid = {8741DD14-C84A-44DF-9D6E-A335869551CD}
	EndGlobalSection
EndGlobal
